{
  "version": 4,
  "terraform_version": "1.0.0",
  "serial": 8,
  "lineage": "0beca674-0d71-5db8-ae73-566340d257cd",
  "outputs": {},
  "resources": [
    {
      "mode": "managed",
      "type": "google_container_registry",
      "name": "registry",
      "provider": "provider[\"registry.terraform.io/hashicorp/google\"]",
      "instances": [
        {
          "schema_version": 0,
          "attributes": {
            "bucket_self_link": "https://www.googleapis.com/storage/v1/b/eu.artifacts.gybsyregister.appspot.com",
            "id": "eu.artifacts.gybsyregister.appspot.com",
            "location": "EU",
            "project": "gybsyregister"
          },
          "sensitive_attributes": [],
          "private": "bnVsbA=="
        }
      ]
    },
    {
      "mode": "managed",
      "type": "google_project_service",
      "name": "containerregistry_api",
      "provider": "provider[\"registry.terraform.io/hashicorp/google\"]",
      "instances": [
        {
          "schema_version": 0,
          "attributes": {
            "disable_dependent_services": null,
            "disable_on_destroy": true,
            "id": "gybsyregister/containerregistry.googleapis.com",
            "project": "gybsyregister",
            "service": "containerregistry.googleapis.com",
            "timeouts": null
          },
          "sensitive_attributes": [],
          "private": "eyJlMmJmYjczMC1lY2FhLTExZTYtOGY4OC0zNDM2M2JjN2M0YzAiOnsiY3JlYXRlIjoxMjAwMDAwMDAwMDAwLCJkZWxldGUiOjEyMDAwMDAwMDAwMDAsInJlYWQiOjYwMDAwMDAwMDAwMCwidXBkYXRlIjoxMjAwMDAwMDAwMDAwfX0="
        }
      ]
    }
  ]
}
